
Microsoft Visual Studio Solution File, Format Version 12.00
# Visual Studio Version 17
VisualStudioVersion = 17.14.36408.4 d17.14
MinimumVisualStudioVersion = 10.0.40219.1
Project("{FAE04EC0-301F-11D3-BF4B-00C04F79EFBC}") = "Aiden_TextBasedRPGMap_GameProgramming1", "Aiden_TextBasedRPGMap_GameProgramming1\Aiden_TextBasedRPGMap_GameProgramming1.csproj", "{15BED5AF-BD7E-4A38-8E1C-CFF490C7D1C6}"
EndProject
Global
	GlobalSection(SolutionConfigurationPlatforms) = preSolution
		Debug|Any CPU = Debug|Any CPU
		Release|Any CPU = Release|Any CPU
	EndGlobalSection
	GlobalSection(ProjectConfigurationPlatforms) = postSolution
		{15BED5AF-BD7E-4A38-8E1C-CFF490C7D1C6}.Debug|Any CPU.ActiveCfg = Debug|Any CPU
		{15BED5AF-BD7E-4A38-8E1C-CFF490C7D1C6}.Debug|Any CPU.Build.0 = Debug|Any CPU
		{15BED5AF-BD7E-4A38-8E1C-CFF490C7D1C6}.Release|Any CPU.ActiveCfg = Release|Any CPU
		{15BED5AF-BD7E-4A38-8E1C-CFF490C7D1C6}.Release|Any CPU.Build.0 = Release|Any CPU
	EndGlobalSection
	GlobalSection(SolutionProperties) = preSolution
		HideSolutionNode = FALSE
	EndGlobalSection
	GlobalSection(ExtensibilityGlobals) = postSolution
		SolutionGuid = {D8B6C3F4-E461-4823-9003-889F5117109F}
	EndGlobalSection
EndGlobal
